// !$*UTF8*$!
{
	archiveVersion = 1;
	classes = {
	};
	objectVersion = 46;
	objects = {

/* Begin PBXAggregateTarget section */
		30B558CA1AD698430027027B /* Framework */ = {
			isa = PBXAggregateTarget;
			buildConfigurationList = 30B558CD1AD698430027027B /* Build configuration list for PBXAggregateTarget "Framework" */;
			buildPhases = (
				30B558D11AD699420027027B /*  MultiPlatform Build */,
			);
			dependencies = (
				30B558D01AD699200027027B /* PBXTargetDependency */,
			);
			name = Framework;
			productName = Framework;
		};
/* End PBXAggregateTarget section */

/* Begin PBXBuildFile section */
		30B558AB1AD68C470027027B /* SmsFour.h in CopyFiles */ = {isa = PBXBuildFile; fileRef = 30B558AA1AD68C470027027B /* SmsFour.h */; };
		30B558AD1AD68C470027027B /* SmsFour.m in Sources */ = {isa = PBXBuildFile; fileRef = 30B558AC1AD68C470027027B /* SmsFour.m */; };
		30B558B31AD68C470027027B /* libSmsFour.a in Frameworks */ = {isa = PBXBuildFile; fileRef = 30B558A71AD68C470027027B /* libSmsFour.a */; };
		30B558C31AD68FDB0027027B /* sms4.c in Sources */ = {isa = PBXBuildFile; fileRef = 30B558C21AD68FDB0027027B /* sms4.c */; };
		30B558C81AD696210027027B /* SmsFour.h in Headers */ = {isa = PBXBuildFile; fileRef = 30B558AA1AD68C470027027B /* SmsFour.h */; settings = {ATTRIBUTES = (Public, ); }; };
		30B558C91AD6963F0027027B /* sms4.h in Headers */ = {isa = PBXBuildFile; fileRef = 30B558C11AD68FDB0027027B /* sms4.h */; };
/* End PBXBuildFile section */

/* Begin PBXContainerItemProxy section */
		30B558B41AD68C470027027B /* PBXContainerItemProxy */ = {
			isa = PBXContainerItemProxy;
			containerPortal = 30B5589F1AD68C470027027B /* Project object */;
			proxyType = 1;
			remoteGlobalIDString = 30B558A61AD68C470027027B;
			remoteInfo = SmsFour;
		};
		30B558CF1AD699200027027B /* PBXContainerItemProxy */ = {
			isa = PBXContainerItemProxy;
			containerPortal = 30B5589F1AD68C470027027B /* Project object */;
			proxyType = 1;
			remoteGlobalIDString = 30B558A61AD68C470027027B;
			remoteInfo = SmsFour;
		};
/* End PBXContainerItemProxy section */

/* Begin PBXCopyFilesBuildPhase section */
		30B558A51AD68C470027027B /* CopyFiles */ = {
			isa = PBXCopyFilesBuildPhase;
			buildActionMask = 2147483647;
			dstPath = "include/$(PRODUCT_NAME)";
			dstSubfolderSpec = 16;
			files = (
				30B558AB1AD68C470027027B /* SmsFour.h in CopyFiles */,
			);
			runOnlyForDeploymentPostprocessing = 0;
		};
/* End PBXCopyFilesBuildPhase section */

/* Begin PBXFileReference section */
		30B558A71AD68C470027027B /* libSmsFour.a */ = {isa = PBXFileReference; explicitFileType = archive.ar; includeInIndex = 0; path = libSmsFour.a; sourceTree = BUILT_PRODUCTS_DIR; };
		30B558AA1AD68C470027027B /* SmsFour.h */ = {isa = PBXFileReference; lastKnownFileType = sourcecode.c.h; path = SmsFour.h; sourceTree = "<group>"; };
		30B558AC1AD68C470027027B /* SmsFour.m */ = {isa = PBXFileReference; lastKnownFileType = sourcecode.c.objc; path = SmsFour.m; sourceTree = "<group>"; };
		30B558B21AD68C470027027B /* SmsFourTests.xctest */ = {isa = PBXFileReference; explicitFileType = wrapper.cfbundle; includeInIndex = 0; path = SmsFourTests.xctest; sourceTree = BUILT_PRODUCTS_DIR; };
		30B558B81AD68C470027027B /* Info.plist */ = {isa = PBXFileReference; lastKnownFileType = text.plist.xml; path = Info.plist; sourceTree = "<group>"; };
		30B558C11AD68FDB0027027B /* sms4.h */ = {isa = PBXFileReference; fileEncoding = 4; lastKnownFileType = sourcecode.c.h; path = sms4.h; sourceTree = "<group>"; };
		30B558C21AD68FDB0027027B /* sms4.c */ = {isa = PBXFileReference; fileEncoding = 4; lastKnownFileType = sourcecode.c.c; path = sms4.c; sourceTree = "<group>"; };
/* End PBXFileReference section */

/* Begin PBXFrameworksBuildPhase section */
		30B558A41AD68C470027027B /* Frameworks */ = {
			isa = PBXFrameworksBuildPhase;
			buildActionMask = 2147483647;
			files = (
			);
			runOnlyForDeploymentPostprocessing = 0;
		};
		30B558AF1AD68C470027027B /* Frameworks */ = {
			isa = PBXFrameworksBuildPhase;
			buildActionMask = 2147483647;
			files = (
				30B558B31AD68C470027027B /* libSmsFour.a in Frameworks */,
			);
			runOnlyForDeploymentPostprocessing = 0;
		};
/* End PBXFrameworksBuildPhase section */

/* Begin PBXGroup section */
		30B5589E1AD68C470027027B = {
			isa = PBXGroup;
			children = (
				30B558A91AD68C470027027B /* SmsFour */,
				30B558B61AD68C470027027B /* SmsFourTests */,
				30B558A81AD68C470027027B /* Products */,
			);
			sourceTree = "<group>";
		};
		30B558A81AD68C470027027B /* Products */ = {
			isa = PBXGroup;
			children = (
				30B558A71AD68C470027027B /* libSmsFour.a */,
				30B558B21AD68C470027027B /* SmsFourTests.xctest */,
			);
			name = Products;
			sourceTree = "<group>";
		};
		30B558A91AD68C470027027B /* SmsFour */ = {
			isa = PBXGroup;
			children = (
				30B558AA1AD68C470027027B /* SmsFour.h */,
				30B558AC1AD68C470027027B /* SmsFour.m */,
				30B558C11AD68FDB0027027B /* sms4.h */,
				30B558C21AD68FDB0027027B /* sms4.c */,
			);
			path = SmsFour;
			sourceTree = "<group>";
		};
		30B558B61AD68C470027027B /* SmsFourTests */ = {
			isa = PBXGroup;
			children = (
				30B558B71AD68C470027027B /* Supporting Files */,
			);
			path = SmsFourTests;
			sourceTree = "<group>";
		};
		30B558B71AD68C470027027B /* Supporting Files */ = {
			isa = PBXGroup;
			children = (
				30B558B81AD68C470027027B /* Info.plist */,
			);
			name = "Supporting Files";
			sourceTree = "<group>";
		};
/* End PBXGroup section */

/* Begin PBXHeadersBuildPhase section */
		30B558C71AD696100027027B /* Headers */ = {
			isa = PBXHeadersBuildPhase;
			buildActionMask = 2147483647;
			files = (
				30B558C81AD696210027027B /* SmsFour.h in Headers */,
				30B558C91AD6963F0027027B /* sms4.h in Headers */,
			);
			runOnlyForDeploymentPostprocessing = 0;
		};
/* End PBXHeadersBuildPhase section */

/* Begin PBXNativeTarget section */
		30B558A61AD68C470027027B /* SmsFour */ = {
			isa = PBXNativeTarget;
			buildConfigurationList = 30B558BB1AD68C470027027B /* Build configuration list for PBXNativeTarget "SmsFour" */;
			buildPhases = (
				30B558A31AD68C470027027B /* Sources */,
				30B558A41AD68C470027027B /* Frameworks */,
				30B558A51AD68C470027027B /* CopyFiles */,
				30B558C71AD696100027027B /* Headers */,
				30B558CE1AD698A00027027B /* Build Framework */,
			);
			buildRules = (
			);
			dependencies = (
			);
			name = SmsFour;
			productName = SmsFour;
			productReference = 30B558A71AD68C470027027B /* libSmsFour.a */;
			productType = "com.apple.product-type.library.static";
		};
		30B558B11AD68C470027027B /* SmsFourTests */ = {
			isa = PBXNativeTarget;
			buildConfigurationList = 30B558BE1AD68C470027027B /* Build configuration list for PBXNativeTarget "SmsFourTests" */;
			buildPhases = (
				30B558AE1AD68C470027027B /* Sources */,
				30B558AF1AD68C470027027B /* Frameworks */,
				30B558B01AD68C470027027B /* Resources */,
			);
			buildRules = (
			);
			dependencies = (
				30B558B51AD68C470027027B /* PBXTargetDependency */,
			);
			name = SmsFourTests;
			productName = SmsFourTests;
			productReference = 30B558B21AD68C470027027B /* SmsFourTests.xctest */;
			productType = "com.apple.product-type.bundle.unit-test";
		};
/* End PBXNativeTarget section */

/* Begin PBXProject section */
		30B5589F1AD68C470027027B /* Project object */ = {
			isa = PBXProject;
			attributes = {
				LastUpgradeCheck = 0620;
				ORGANIZATIONNAME = cennest;
				TargetAttributes = {
					30B558A61AD68C470027027B = {
						CreatedOnToolsVersion = 6.2;
					};
					30B558B11AD68C470027027B = {
						CreatedOnToolsVersion = 6.2;
					};
					30B558CA1AD698430027027B = {
						CreatedOnToolsVersion = 6.2;
					};
				};
			};
			buildConfigurationList = 30B558A21AD68C470027027B /* Build configuration list for PBXProject "SmsFour" */;
			compatibilityVersion = "Xcode 3.2";
			developmentRegion = English;
			hasScannedForEncodings = 0;
			knownRegions = (
				en,
			);
			mainGroup = 30B5589E1AD68C470027027B;
			productRefGroup = 30B558A81AD68C470027027B /* Products */;
			projectDirPath = "";
			projectRoot = "";
			targets = (
				30B558A61AD68C470027027B /* SmsFour */,
				30B558B11AD68C470027027B /* SmsFourTests */,
				30B558CA1AD698430027027B /* Framework */,
			);
		};
/* End PBXProject section */

/* Begin PBXResourcesBuildPhase section */
		30B558B01AD68C470027027B /* Resources */ = {
			isa = PBXResourcesBuildPhase;
			buildActionMask = 2147483647;
			files = (
			);
			runOnlyForDeploymentPostprocessing = 0;
		};
/* End PBXResourcesBuildPhase section */

/* Begin PBXShellScriptBuildPhase section */
		30B558CE1AD698A00027027B /* Build Framework */ = {
			isa = PBXShellScriptBuildPhase;
			buildActionMask = 2147483647;
			files = (
			);
			inputPaths = (
			);
			name = "Build Framework";
			outputPaths = (
			);
			runOnlyForDeploymentPostprocessing = 0;
			shellPath = /bin/sh;
			shellScript = "set -e\n\nexport FRAMEWORK_LOCN=\"${BUILT_PRODUCTS_DIR}/${PRODUCT_NAME}.framework\"\n\n# Create the path to the real Headers die\nmkdir -p \"${FRAMEWORK_LOCN}/Versions/A/Headers\"\n\n# Create the required symlinks\n/bin/ln -sfh A \"${FRAMEWORK_LOCN}/Versions/Current\"\n/bin/ln -sfh Versions/Current/Headers \"${FRAMEWORK_LOCN}/Headers\"\n/bin/ln -sfh \"Versions/Current/${PRODUCT_NAME}\" \\\n\"${FRAMEWORK_LOCN}/${PRODUCT_NAME}\"\n\n# Copy the public headers into the framework\n/bin/cp -a \"${TARGET_BUILD_DIR}/${PUBLIC_HEADERS_FOLDER_PATH}/\" \\\n\"${FRAMEWORK_LOCN}/Versions/A/Headers\"";
		};
		30B558D11AD699420027027B /*  MultiPlatform Build */ = {
			isa = PBXShellScriptBuildPhase;
			buildActionMask = 2147483647;
			files = (
			);
			inputPaths = (
			);
			name = " MultiPlatform Build";
			outputPaths = (
			);
			runOnlyForDeploymentPostprocessing = 0;
			shellPath = /bin/sh;
			shellScript = "set -e\n\n# If we're already inside this script then die\nif [ -n \"$RW_MULTIPLATFORM_BUILD_IN_PROGRESS\" ]; then\nexit 0\nfi\nexport RW_MULTIPLATFORM_BUILD_IN_PROGRESS=1\n\nRW_FRAMEWORK_NAME=${PROJECT_NAME}\nRW_INPUT_STATIC_LIB=\"lib${PROJECT_NAME}.a\"\nRW_FRAMEWORK_LOCATION=\"${BUILT_PRODUCTS_DIR}/${RW_FRAMEWORK_NAME}.framework\"\nfunction build_static_library {\n    # Will rebuild the static library as specified\n    #     build_static_library sdk\n    xcrun xcodebuild -project \"${PROJECT_FILE_PATH}\" \\\n    -target \"${TARGET_NAME}\" \\\n    -configuration \"${CONFIGURATION}\" \\\n    -sdk \"${1}\" \\\n    ONLY_ACTIVE_ARCH=NO \\\n    BUILD_DIR=\"${BUILD_DIR}\" \\\n    OBJROOT=\"${OBJROOT}\" \\\n    BUILD_ROOT=\"${BUILD_ROOT}\" \\\n    SYMROOT=\"${SYMROOT}\" $ACTION\n}\n\nfunction make_fat_library {\n    # Will smash 2 static libs together\n    #     make_fat_library in1 in2 out\n    xcrun lipo -create \"${1}\" \"${2}\" -output \"${3}\"\n}\n# 1 - Extract the platform (iphoneos/iphonesimulator) from the SDK name\nif [[ \"$SDK_NAME\" =~ ([A-Za-z]+) ]]; then\nRW_SDK_PLATFORM=${BASH_REMATCH[1]}\nelse\necho \"Could not find platform name from SDK_NAME: $SDK_NAME\"\nexit 1\nfi\n\n# 2 - Extract the version from the SDK\nif [[ \"$SDK_NAME\" =~ ([0-9]+.*$) ]]; then\nRW_SDK_VERSION=${BASH_REMATCH[1]}\nelse\necho \"Could not find sdk version from SDK_NAME: $SDK_NAME\"\nexit 1\nfi\n\n# 3 - Determine the other platform\nif [ \"$RW_SDK_PLATFORM\" == \"iphoneos\" ]; then\nRW_OTHER_PLATFORM=iphonesimulator\nelse\nRW_OTHER_PLATFORM=iphoneos\nfi\n\n# 4 - Find the build directory\nif [[ \"$BUILT_PRODUCTS_DIR\" =~ (.*)$RW_SDK_PLATFORM$ ]]; then\nRW_OTHER_BUILT_PRODUCTS_DIR=\"${BASH_REMATCH[1]}${RW_OTHER_PLATFORM}\"\nelse\necho \"Could not find other platform build directory.\"\nexit 1\nfi\n# Build the other platform.\nbuild_static_library \"${RW_OTHER_PLATFORM}${RW_SDK_VERSION}\"\n\n# If we're currently building for iphonesimulator, then need to rebuild\n#   to ensure that we get both i386 and x86_64\nif [ \"$RW_SDK_PLATFORM\" == \"iphonesimulator\" ]; then\nbuild_static_library \"${SDK_NAME}\"\nfi\n\n# Join the 2 static libs into 1 and push into the .framework\nmake_fat_library \"${BUILT_PRODUCTS_DIR}/${RW_INPUT_STATIC_LIB}\" \\\n\"${RW_OTHER_BUILT_PRODUCTS_DIR}/${RW_INPUT_STATIC_LIB}\" \\\n\"${RW_FRAMEWORK_LOCATION}/Versions/A/${RW_FRAMEWORK_NAME}\"\n# Ensure that the framework is present in both platform's build directories\ncp -a \"${RW_FRAMEWORK_LOCATION}/Versions/A/${RW_FRAMEWORK_NAME}\" \\\n\"${RW_OTHER_BUILT_PRODUCTS_DIR}/${RW_FRAMEWORK_NAME}.framework/Versions/A/${RW_FRAMEWORK_NAME}\"\n\n# Copy the framework to the user's desktop\nditto \"${RW_FRAMEWORK_LOCATION}\" \"${HOME}/Desktop/${RW_FRAMEWORK_NAME}.framework\"";
		};
/* End PBXShellScriptBuildPhase section */

/* Begin PBXSourcesBuildPhase section */
		30B558A31AD68C470027027B /* Sources */ = {
			isa = PBXSourcesBuildPhase;
			buildActionMask = 2147483647;
			files = (
				30B558C31AD68FDB0027027B /* sms4.c in Sources */,
				30B558AD1AD68C470027027B /* SmsFour.m in Sources */,
			);
			runOnlyForDeploymentPostprocessing = 0;
		};
		30B558AE1AD68C470027027B /* Sources */ = {
			isa = PBXSourcesBuildPhase;
			buildActionMask = 2147483647;
			files = (
			);
			runOnlyForDeploymentPostprocessing = 0;
		};
/* End PBXSourcesBuildPhase section */

/* Begin PBXTargetDependency section */
		30B558B51AD68C470027027B /* PBXTargetDependency */ = {
			isa = PBXTargetDependency;
			target = 30B558A61AD68C470027027B /* SmsFour */;
			targetProxy = 30B558B41AD68C470027027B /* PBXContainerItemProxy */;
		};
		30B558D01AD699200027027B /* PBXTargetDependency */ = {
			isa = PBXTargetDependency;
			target = 30B558A61AD68C470027027B /* SmsFour */;
			targetProxy = 30B558CF1AD699200027027B /* PBXContainerItemProxy */;
		};
/* End PBXTargetDependency section */

/* Begin XCBuildConfiguration section */
		30B558B91AD68C470027027B /* Debug */ = {
			isa = XCBuildConfiguration;
			buildSettings = {
				ALWAYS_SEARCH_USER_PATHS = NO;
				CLANG_CXX_LANGUAGE_STANDARD = "gnu++0x";
				CLANG_CXX_LIBRARY = "libc++";
				CLANG_ENABLE_MODULES = YES;
				CLANG_ENABLE_OBJC_ARC = YES;
				CLANG_WARN_BOOL_CONVERSION = YES;
				CLANG_WARN_CONSTANT_CONVERSION = YES;
				CLANG_WARN_DIRECT_OBJC_ISA_USAGE = YES_ERROR;
				CLANG_WARN_EMPTY_BODY = YES;
				CLANG_WARN_ENUM_CONVERSION = YES;
				CLANG_WARN_INT_CONVERSION = YES;
				CLANG_WARN_OBJC_ROOT_CLASS = YES_ERROR;
				CLANG_WARN_UNREACHABLE_CODE = YES;
				CLANG_WARN__DUPLICATE_METHOD_MATCH = YES;
				COPY_PHASE_STRIP = NO;
				ENABLE_STRICT_OBJC_MSGSEND = YES;
				GCC_C_LANGUAGE_STANDARD = gnu99;
				GCC_DYNAMIC_NO_PIC = NO;
				GCC_OPTIMIZATION_LEVEL = 0;
				GCC_PREPROCESSOR_DEFINITIONS = (
					"DEBUG=1",
					"$(inherited)",
				);
				GCC_SYMBOLS_PRIVATE_EXTERN = NO;
				GCC_WARN_64_TO_32_BIT_CONVERSION = YES;
				GCC_WARN_ABOUT_RETURN_TYPE = YES_ERROR;
				GCC_WARN_UNDECLARED_SELECTOR = YES;
				GCC_WARN_UNINITIALIZED_AUTOS = YES_AGGRESSIVE;
				GCC_WARN_UNUSED_FUNCTION = YES;
				GCC_WARN_UNUSED_VARIABLE = YES;
				IPHONEOS_DEPLOYMENT_TARGET = 8.2;
				MTL_ENABLE_DEBUG_INFO = YES;
				ONLY_ACTIVE_ARCH = YES;
				SDKROOT = iphoneos;
			};
			name = Debug;
		};
		30B558BA1AD68C470027027B /* Release */ = {
			isa = XCBuildConfiguration;
			buildSettings = {
				ALWAYS_SEARCH_USER_PATHS = NO;
				CLANG_CXX_LANGUAGE_STANDARD = "gnu++0x";
				CLANG_CXX_LIBRARY = "libc++";
				CLANG_ENABLE_MODULES = YES;
				CLANG_ENABLE_OBJC_ARC = YES;
				CLANG_WARN_BOOL_CONVERSION = YES;
				CLANG_WARN_CONSTANT_CONVERSION = YES;
				CLANG_WARN_DIRECT_OBJC_ISA_USAGE = YES_ERROR;
				CLANG_WARN_EMPTY_BODY = YES;
				CLANG_WARN_ENUM_CONVERSION = YES;
				CLANG_WARN_INT_CONVERSION = YES;
				CLANG_WARN_OBJC_ROOT_CLASS = YES_ERROR;
				CLANG_WARN_UNREACHABLE_CODE = YES;
				CLANG_WARN__DUPLICATE_METHOD_MATCH = YES;
				COPY_PHASE_STRIP = NO;
				ENABLE_NS_ASSERTIONS = NO;
				ENABLE_STRICT_OBJC_MSGSEND = YES;
				GCC_C_LANGUAGE_STANDARD = gnu99;
				GCC_WARN_64_TO_32_BIT_CONVERSION = YES;
				GCC_WARN_ABOUT_RETURN_TYPE = YES_ERROR;
				GCC_WARN_UNDECLARED_SELECTOR = YES;
				GCC_WARN_UNINITIALIZED_AUTOS = YES_AGGRESSIVE;
				GCC_WARN_UNUSED_FUNCTION = YES;
				GCC_WARN_UNUSED_VARIABLE = YES;
				IPHONEOS_DEPLOYMENT_TARGET = 8.2;
				MTL_ENABLE_DEBUG_INFO = NO;
				SDKROOT = iphoneos;
				VALIDATE_PRODUCT = YES;
			};
			name = Release;
		};
		30B558BC1AD68C470027027B /* Debug */ = {
			isa = XCBuildConfiguration;
			buildSettings = {
				DEAD_CODE_STRIPPING = NO;
				OTHER_LDFLAGS = "-ObjC";
				PRODUCT_NAME = "$(TARGET_NAME)";
				PUBLIC_HEADERS_FOLDER_PATH = "include/$(PROJECT_NAME)";
				SKIP_INSTALL = YES;
				STRIP_STYLE = "non-global";
			};
			name = Debug;
		};
		30B558BD1AD68C470027027B /* Release */ = {
			isa = XCBuildConfiguration;
			buildSettings = {
				DEAD_CODE_STRIPPING = NO;
				OTHER_LDFLAGS = "-ObjC";
				PRODUCT_NAME = "$(TARGET_NAME)";
				PUBLIC_HEADERS_FOLDER_PATH = "include/$(PROJECT_NAME)";
				SKIP_INSTALL = YES;
				STRIP_STYLE = "non-global";
			};
			name = Release;
		};
		30B558BF1AD68C470027027B /* Debug */ = {
			isa = XCBuildConfiguration;
			buildSettings = {
				FRAMEWORK_SEARCH_PATHS = (
					"$(SDKROOT)/Developer/Library/Frameworks",
					"$(inherited)",
				);
				GCC_PREPROCESSOR_DEFINITIONS = (
					"DEBUG=1",
					"$(inherited)",
				);
				INFOPLIST_FILE = SmsFourTests/Info.plist;
				LD_RUNPATH_SEARCH_PATHS = "$(inherited) @executable_path/Frameworks @loader_path/Frameworks";
				PRODUCT_NAME = "$(TARGET_NAME)";
			};
			name = Debug;
		};
		30B558C01AD68C470027027B /* Release */ = {
			isa = XCBuildConfiguration;
			buildSettings = {
				FRAMEWORK_SEARCH_PATHS = (
					"$(SDKROOT)/Developer/Library/Frameworks",
					"$(inherited)",
				);
				INFOPLIST_FILE = SmsFourTests/Info.plist;
				LD_RUNPATH_SEARCH_PATHS = "$(inherited) @executable_path/Frameworks @loader_path/Frameworks";
				PRODUCT_NAME = "$(TARGET_NAME)";
			};
			name = Release;
		};
		30B558CB1AD698430027027B /* Debug */ = {
			isa = XCBuildConfiguration;
			buildSettings = {
				PRODUCT_NAME = "$(TARGET_NAME)";
			};
			name = Debug;
		};
		30B558CC1AD698430027027B /* Release */ = {
			isa = XCBuildConfiguration;
			buildSettings = {
				PRODUCT_NAME = "$(TARGET_NAME)";
			};
			name = Release;
		};
/* End XCBuildConfiguration section */

/* Begin XCConfigurationList section */
		30B558A21AD68C470027027B /* Build configuration list for PBXProject "SmsFour" */ = {
			isa = XCConfigurationList;
			buildConfigurations = (
				30B558B91AD68C470027027B /* Debug */,
				30B558BA1AD68C470027027B /* Release */,
			);
			defaultConfigurationIsVisible = 0;
			defaultConfigurationName = Release;
		};
		30B558BB1AD68C470027027B /* Build configuration list for PBXNativeTarget "SmsFour" */ = {
			isa = XCConfigurationList;
			buildConfigurations = (
				30B558BC1AD68C470027027B /* Debug */,
				30B558BD1AD68C470027027B /* Release */,
			);
			defaultConfigurationIsVisible = 0;
			defaultConfigurationName = Release;
		};
		30B558BE1AD68C470027027B /* Build configuration list for PBXNativeTarget "SmsFourTests" */ = {
			isa = XCConfigurationList;
			buildConfigurations = (
				30B558BF1AD68C470027027B /* Debug */,
				30B558C01AD68C470027027B /* Release */,
			);
			defaultConfigurationIsVisible = 0;
			defaultConfigurationName = Release;
		};
		30B558CD1AD698430027027B /* Build configuration list for PBXAggregateTarget "Framework" */ = {
			isa = XCConfigurationList;
			buildConfigurations = (
				30B558CB1AD698430027027B /* Debug */,
				30B558CC1AD698430027027B /* Release */,
			);
			defaultConfigurationIsVisible = 0;
		};
/* End XCConfigurationList section */
	};
	rootObject = 30B5589F1AD68C470027027B /* Project object */;
}
